
Microsoft Visual Studio Solution File, Format Version 12.00
# Visual Studio Version 16
VisualStudioVersion = 16.0.33423.256
MinimumVisualStudioVersion = 10.0.40219.1
Project("{FAE04EC0-301F-11D3-BF4B-00C04F79EFBC}") = "resharperPatcher", "resharperPatcher\resharperPatcher.csproj", "{DFF4B149-EF41-4DAE-8B81-7401817C12D9}"
EndProject
Global
	GlobalSection(SolutionConfigurationPlatforms) = preSolution
		Debug|Any CPU = Debug|Any CPU
		Release|Any CPU = Release|Any CPU
	EndGlobalSection
	GlobalSection(ProjectConfigurationPlatforms) = postSolution
		{DFF4B149-EF41-4DAE-8B81-7401817C12D9}.Debug|Any CPU.ActiveCfg = Debug|Any CPU
		{DFF4B149-EF41-4DAE-8B81-7401817C12D9}.Debug|Any CPU.Build.0 = Debug|Any CPU
		{DFF4B149-EF41-4DAE-8B81-7401817C12D9}.Release|Any CPU.ActiveCfg = Release|Any CPU
		{DFF4B149-EF41-4DAE-8B81-7401817C12D9}.Release|Any CPU.Build.0 = Release|Any CPU
	EndGlobalSection
	GlobalSection(SolutionProperties) = preSolution
		HideSolutionNode = FALSE
	EndGlobalSection
	GlobalSection(ExtensibilityGlobals) = postSolution
		SolutionGuid = {400B4581-8DA2-41E8-A57D-86BE9E6B8281}
	EndGlobalSection
EndGlobal
